
Microsoft Visual Studio Solution File, Format Version 12.00
# Visual Studio Version 17
VisualStudioVersion = 17.3.32901.215
MinimumVisualStudioVersion = 10.0.40219.1
Project("{9A19103F-16F7-4668-BE54-9A1E7A4F7556}") = "Tingle.Dependabot", "server\Tingle.Dependabot\Tingle.Dependabot.csproj", "{F3BDB109-999B-4F3C-A6C5-745CC5BE4B68}"
EndProject
Project("{9A19103F-16F7-4668-BE54-9A1E7A4F7556}") = "Tingle.Dependabot.Tests", "server\Tingle.Dependabot.Tests\Tingle.Dependabot.Tests.csproj", "{BCDFC1A1-1FF4-4F26-9DEC-676CEC1418BF}"
EndProject
Global
	GlobalSection(SolutionConfigurationPlatforms) = preSolution
		Debug|Any CPU = Debug|Any CPU
		Release|Any CPU = Release|Any CPU
	EndGlobalSection
	GlobalSection(ProjectConfigurationPlatforms) = postSolution
		{F3BDB109-999B-4F3C-A6C5-745CC5BE4B68}.Debug|Any CPU.ActiveCfg = Debug|Any CPU
		{F3BDB109-999B-4F3C-A6C5-745CC5BE4B68}.Debug|Any CPU.Build.0 = Debug|Any CPU
		{F3BDB109-999B-4F3C-A6C5-745CC5BE4B68}.Release|Any CPU.ActiveCfg = Release|Any CPU
		{F3BDB109-999B-4F3C-A6C5-745CC5BE4B68}.Release|Any CPU.Build.0 = Release|Any CPU
		{BCDFC1A1-1FF4-4F26-9DEC-676CEC1418BF}.Debug|Any CPU.ActiveCfg = Debug|Any CPU
		{BCDFC1A1-1FF4-4F26-9DEC-676CEC1418BF}.Debug|Any CPU.Build.0 = Debug|Any CPU
		{BCDFC1A1-1FF4-4F26-9DEC-676CEC1418BF}.Release|Any CPU.ActiveCfg = Release|Any CPU
		{BCDFC1A1-1FF4-4F26-9DEC-676CEC1418BF}.Release|Any CPU.Build.0 = Release|Any CPU
	EndGlobalSection
	GlobalSection(SolutionProperties) = preSolution
		HideSolutionNode = FALSE
	EndGlobalSection
	GlobalSection(ExtensibilityGlobals) = postSolution
		SolutionGuid = {BF632A04-CFA4-4DB6-AA7E-B20C71654109}
	EndGlobalSection
EndGlobal
